# THIS IS AN AUTOGENERATED FILE. DO NOT EDIT THIS FILE DIRECTLY.
# yarn lockfile v1


three@^0.118.3:
  version "0.118.3"
  resolved "https://registry.yarnpkg.com/three/-/three-0.118.3.tgz#c0bf8c10a68155478f12f4ccac2ff979526a4a0a"
  integrity sha512-ijECXrNzDkHieoeh2H69kgawTGH8DiamhR4uBN8jEM7VHSKvfTdEvOoHsA8Aq7dh7PHAxhlqBsN5arBI3KixSw==
